
Microsoft Visual Studio Solution File, Format Version 12.00
# Visual Studio Version 16
VisualStudioVersion = 16.0.32929.386
MinimumVisualStudioVersion = 10.0.40219.1
Project("{FAE04EC0-301F-11D3-BF4B-00C04F79EFBC}") = "eTicket", "eTicket\eTicket.csproj", "{86DB2037-BCA7-463E-B9B9-B28501F31BB3}"
EndProject
Global
	GlobalSection(SolutionConfigurationPlatforms) = preSolution
		Debug|Any CPU = Debug|Any CPU
		Release|Any CPU = Release|Any CPU
	EndGlobalSection
	GlobalSection(ProjectConfigurationPlatforms) = postSolution
		{86DB2037-BCA7-463E-B9B9-B28501F31BB3}.Debug|Any CPU.ActiveCfg = Debug|Any CPU
		{86DB2037-BCA7-463E-B9B9-B28501F31BB3}.Debug|Any CPU.Build.0 = Debug|Any CPU
		{86DB2037-BCA7-463E-B9B9-B28501F31BB3}.Release|Any CPU.ActiveCfg = Release|Any CPU
		{86DB2037-BCA7-463E-B9B9-B28501F31BB3}.Release|Any CPU.Build.0 = Release|Any CPU
	EndGlobalSection
	GlobalSection(SolutionProperties) = preSolution
		HideSolutionNode = FALSE
	EndGlobalSection
	GlobalSection(ExtensibilityGlobals) = postSolution
		SolutionGuid = {4C92C486-919B-43D9-B3B3-DEC43374A426}
	EndGlobalSection
EndGlobal
